// !$*UTF8*$!
{
	archiveVersion = 1;
	classes = {
	};
	objectVersion = 46;
	objects = {

/* Begin PBXBuildFile section */
		451FD10D18A279930074E5B5 /* Foundation.framework in Frameworks */ = {isa = PBXBuildFile; fileRef = 451FD10C18A279930074E5B5 /* Foundation.framework */; };
		451FD10F18A279930074E5B5 /* CoreGraphics.framework in Frameworks */ = {isa = PBXBuildFile; fileRef = 451FD10E18A279930074E5B5 /* CoreGraphics.framework */; };
		451FD11118A279930074E5B5 /* UIKit.framework in Frameworks */ = {isa = PBXBuildFile; fileRef = 451FD11018A279930074E5B5 /* UIKit.framework */; };
		451FD11718A279930074E5B5 /* InfoPlist.strings in Resources */ = {isa = PBXBuildFile; fileRef = 451FD11518A279930074E5B5 /* InfoPlist.strings */; };
		451FD11918A279930074E5B5 /* main.m in Sources */ = {isa = PBXBuildFile; fileRef = 451FD11818A279930074E5B5 /* main.m */; };
		451FD11D18A279930074E5B5 /* AppDelegate.m in Sources */ = {isa = PBXBuildFile; fileRef = 451FD11C18A279930074E5B5 /* AppDelegate.m */; };
		451FD12018A279930074E5B5 /* Main.storyboard in Resources */ = {isa = PBXBuildFile; fileRef = 451FD11E18A279930074E5B5 /* Main.storyboard */; };
		451FD12518A279940074E5B5 /* Images.xcassets in Resources */ = {isa = PBXBuildFile; fileRef = 451FD12418A279940074E5B5 /* Images.xcassets */; };
		451FD12C18A279940074E5B5 /* XCTest.framework in Frameworks */ = {isa = PBXBuildFile; fileRef = 451FD12B18A279940074E5B5 /* XCTest.framework */; };
		451FD12D18A279940074E5B5 /* Foundation.framework in Frameworks */ = {isa = PBXBuildFile; fileRef = 451FD10C18A279930074E5B5 /* Foundation.framework */; };
		451FD12E18A279940074E5B5 /* UIKit.framework in Frameworks */ = {isa = PBXBuildFile; fileRef = 451FD11018A279930074E5B5 /* UIKit.framework */; };
		451FD13618A279940074E5B5 /* InfoPlist.strings in Resources */ = {isa = PBXBuildFile; fileRef = 451FD13418A279940074E5B5 /* InfoPlist.strings */; };
		451FD13818A279940074E5B5 /* AddressBookTests.m in Sources */ = {isa = PBXBuildFile; fileRef = 451FD13718A279940074E5B5 /* AddressBookTests.m */; };
		451FD14518A2836A0074E5B5 /* ContactListControllerViewController.m in Sources */ = {isa = PBXBuildFile; fileRef = 451FD14418A2836A0074E5B5 /* ContactListControllerViewController.m */; };
		451FD14818A28A1F0074E5B5 /* Contact.m in Sources */ = {isa = PBXBuildFile; fileRef = 451FD14718A28A1E0074E5B5 /* Contact.m */; };
		451FD14B18A28A4E0074E5B5 /* EtatCivil.m in Sources */ = {isa = PBXBuildFile; fileRef = 451FD14A18A28A4E0074E5B5 /* EtatCivil.m */; };
		451FD14E18A28A600074E5B5 /* Adresse.m in Sources */ = {isa = PBXBuildFile; fileRef = 451FD14D18A28A600074E5B5 /* Adresse.m */; };
		451FD15118A28C710074E5B5 /* Communications.m in Sources */ = {isa = PBXBuildFile; fileRef = 451FD15018A28C710074E5B5 /* Communications.m */; };
		451FD15418A28D1E0074E5B5 /* OtherInfo.m in Sources */ = {isa = PBXBuildFile; fileRef = 451FD15318A28D1E0074E5B5 /* OtherInfo.m */; };
/* End PBXBuildFile section */

/* Begin PBXContainerItemProxy section */
		451FD12F18A279940074E5B5 /* PBXContainerItemProxy */ = {
			isa = PBXContainerItemProxy;
			containerPortal = 451FD10118A279930074E5B5 /* Project object */;
			proxyType = 1;
			remoteGlobalIDString = 451FD10818A279930074E5B5;
			remoteInfo = AddressBook;
		};
/* End PBXContainerItemProxy section */

/* Begin PBXFileReference section */
		451FD10918A279930074E5B5 /* AddressBook.app */ = {isa = PBXFileReference; explicitFileType = wrapper.application; includeInIndex = 0; path = AddressBook.app; sourceTree = BUILT_PRODUCTS_DIR; };
		451FD10C18A279930074E5B5 /* Foundation.framework */ = {isa = PBXFileReference; lastKnownFileType = wrapper.framework; name = Foundation.framework; path = System/Library/Frameworks/Foundation.framework; sourceTree = SDKROOT; };
		451FD10E18A279930074E5B5 /* CoreGraphics.framework */ = {isa = PBXFileReference; lastKnownFileType = wrapper.framework; name = CoreGraphics.framework; path = System/Library/Frameworks/CoreGraphics.framework; sourceTree = SDKROOT; };
		451FD11018A279930074E5B5 /* UIKit.framework */ = {isa = PBXFileReference; lastKnownFileType = wrapper.framework; name = UIKit.framework; path = System/Library/Frameworks/UIKit.framework; sourceTree = SDKROOT; };
		451FD11418A279930074E5B5 /* AddressBook-Info.plist */ = {isa = PBXFileReference; lastKnownFileType = text.plist.xml; path = "AddressBook-Info.plist"; sourceTree = "<group>"; };
		451FD11618A279930074E5B5 /* en */ = {isa = PBXFileReference; lastKnownFileType = text.plist.strings; name = en; path = en.lproj/InfoPlist.strings; sourceTree = "<group>"; };
		451FD11818A279930074E5B5 /* main.m */ = {isa = PBXFileReference; lastKnownFileType = sourcecode.c.objc; path = main.m; sourceTree = "<group>"; };
		451FD11A18A279930074E5B5 /* AddressBook-Prefix.pch */ = {isa = PBXFileReference; lastKnownFileType = sourcecode.c.h; path = "AddressBook-Prefix.pch"; sourceTree = "<group>"; };
		451FD11B18A279930074E5B5 /* AppDelegate.h */ = {isa = PBXFileReference; lastKnownFileType = sourcecode.c.h; path = AppDelegate.h; sourceTree = "<group>"; };
		451FD11C18A279930074E5B5 /* AppDelegate.m */ = {isa = PBXFileReference; lastKnownFileType = sourcecode.c.objc; path = AppDelegate.m; sourceTree = "<group>"; };
		451FD11F18A279930074E5B5 /* Base */ = {isa = PBXFileReference; lastKnownFileType = file.storyboard; name = Base; path = Base.lproj/Main.storyboard; sourceTree = "<group>"; };
		451FD12418A279940074E5B5 /* Images.xcassets */ = {isa = PBXFileReference; lastKnownFileType = folder.assetcatalog; path = Images.xcassets; sourceTree = "<group>"; };
		451FD12A18A279940074E5B5 /* AddressBookTests.xctest */ = {isa = PBXFileReference; explicitFileType = wrapper.cfbundle; includeInIndex = 0; path = AddressBookTests.xctest; sourceTree = BUILT_PRODUCTS_DIR; };
		451FD12B18A279940074E5B5 /* XCTest.framework */ = {isa = PBXFileReference; lastKnownFileType = wrapper.framework; name = XCTest.framework; path = Library/Frameworks/XCTest.framework; sourceTree = DEVELOPER_DIR; };
		451FD13318A279940074E5B5 /* AddressBookTests-Info.plist */ = {isa = PBXFileReference; lastKnownFileType = text.plist.xml; path = "AddressBookTests-Info.plist"; sourceTree = "<group>"; };
		451FD13518A279940074E5B5 /* en */ = {isa = PBXFileReference; lastKnownFileType = text.plist.strings; name = en; path = en.lproj/InfoPlist.strings; sourceTree = "<group>"; };
		451FD13718A279940074E5B5 /* AddressBookTests.m */ = {isa = PBXFileReference; lastKnownFileType = sourcecode.c.objc; path = AddressBookTests.m; sourceTree = "<group>"; };
		451FD14318A2836A0074E5B5 /* ContactListControllerViewController.h */ = {isa = PBXFileReference; fileEncoding = 4; lastKnownFileType = sourcecode.c.h; name = ContactListControllerViewController.h; path = ../ContactListControllerViewController.h; sourceTree = "<group>"; };
		451FD14418A2836A0074E5B5 /* ContactListControllerViewController.m */ = {isa = PBXFileReference; fileEncoding = 4; lastKnownFileType = sourcecode.c.objc; name = ContactListControllerViewController.m; path = ../ContactListControllerViewController.m; sourceTree = "<group>"; };
		451FD14618A28A1E0074E5B5 /* Contact.h */ = {isa = PBXFileReference; fileEncoding = 4; lastKnownFileType = sourcecode.c.h; path = Contact.h; sourceTree = "<group>"; };
		451FD14718A28A1E0074E5B5 /* Contact.m */ = {isa = PBXFileReference; fileEncoding = 4; lastKnownFileType = sourcecode.c.objc; path = Contact.m; sourceTree = "<group>"; };
		451FD14918A28A4E0074E5B5 /* EtatCivil.h */ = {isa = PBXFileReference; fileEncoding = 4; lastKnownFileType = sourcecode.c.h; path = EtatCivil.h; sourceTree = "<group>"; };
		451FD14A18A28A4E0074E5B5 /* EtatCivil.m */ = {isa = PBXFileReference; fileEncoding = 4; lastKnownFileType = sourcecode.c.objc; path = EtatCivil.m; sourceTree = "<group>"; };
		451FD14C18A28A600074E5B5 /* Adresse.h */ = {isa = PBXFileReference; fileEncoding = 4; lastKnownFileType = sourcecode.c.h; path = Adresse.h; sourceTree = "<group>"; };
		451FD14D18A28A600074E5B5 /* Adresse.m */ = {isa = PBXFileReference; fileEncoding = 4; lastKnownFileType = sourcecode.c.objc; path = Adresse.m; sourceTree = "<group>"; };
		451FD14F18A28C710074E5B5 /* Communications.h */ = {isa = PBXFileReference; fileEncoding = 4; lastKnownFileType = sourcecode.c.h; path = Communications.h; sourceTree = "<group>"; };
		451FD15018A28C710074E5B5 /* Communications.m */ = {isa = PBXFileReference; fileEncoding = 4; lastKnownFileType = sourcecode.c.objc; path = Communications.m; sourceTree = "<group>"; };
		451FD15218A28D1E0074E5B5 /* OtherInfo.h */ = {isa = PBXFileReference; fileEncoding = 4; lastKnownFileType = sourcecode.c.h; path = OtherInfo.h; sourceTree = "<group>"; };
		451FD15318A28D1E0074E5B5 /* OtherInfo.m */ = {isa = PBXFileReference; fileEncoding = 4; lastKnownFileType = sourcecode.c.objc; path = OtherInfo.m; sourceTree = "<group>"; };
/* End PBXFileReference section */

/* Begin PBXFrameworksBuildPhase section */
		451FD10618A279930074E5B5 /* Frameworks */ = {
			isa = PBXFrameworksBuildPhase;
			buildActionMask = 2147483647;
			files = (
				451FD10F18A279930074E5B5 /* CoreGraphics.framework in Frameworks */,
				451FD11118A279930074E5B5 /* UIKit.framework in Frameworks */,
				451FD10D18A279930074E5B5 /* Foundation.framework in Frameworks */,
			);
			runOnlyForDeploymentPostprocessing = 0;
		};
		451FD12718A279940074E5B5 /* Frameworks */ = {
			isa = PBXFrameworksBuildPhase;
			buildActionMask = 2147483647;
			files = (
				451FD12C18A279940074E5B5 /* XCTest.framework in Frameworks */,
				451FD12E18A279940074E5B5 /* UIKit.framework in Frameworks */,
				451FD12D18A279940074E5B5 /* Foundation.framework in Frameworks */,
			);
			runOnlyForDeploymentPostprocessing = 0;
		};
/* End PBXFrameworksBuildPhase section */

/* Begin PBXGroup section */
		451FD10018A279930074E5B5 = {
			isa = PBXGroup;
			children = (
				451FD11218A279930074E5B5 /* AddressBook */,
				451FD13118A279940074E5B5 /* AddressBookTests */,
				451FD10B18A279930074E5B5 /* Frameworks */,
				451FD10A18A279930074E5B5 /* Products */,
			);
			sourceTree = "<group>";
		};
		451FD10A18A279930074E5B5 /* Products */ = {
			isa = PBXGroup;
			children = (
				451FD10918A279930074E5B5 /* AddressBook.app */,
				451FD12A18A279940074E5B5 /* AddressBookTests.xctest */,
			);
			name = Products;
			sourceTree = "<group>";
		};
		451FD10B18A279930074E5B5 /* Frameworks */ = {
			isa = PBXGroup;
			children = (
				451FD10C18A279930074E5B5 /* Foundation.framework */,
				451FD10E18A279930074E5B5 /* CoreGraphics.framework */,
				451FD11018A279930074E5B5 /* UIKit.framework */,
				451FD12B18A279940074E5B5 /* XCTest.framework */,
			);
			name = Frameworks;
			sourceTree = "<group>";
		};
		451FD11218A279930074E5B5 /* AddressBook */ = {
			isa = PBXGroup;
			children = (
				451FD11B18A279930074E5B5 /* AppDelegate.h */,
				451FD11C18A279930074E5B5 /* AppDelegate.m */,
				451FD11E18A279930074E5B5 /* Main.storyboard */,
				451FD14318A2836A0074E5B5 /* ContactListControllerViewController.h */,
				451FD14418A2836A0074E5B5 /* ContactListControllerViewController.m */,
				451FD14618A28A1E0074E5B5 /* Contact.h */,
				451FD14718A28A1E0074E5B5 /* Contact.m */,
				451FD14918A28A4E0074E5B5 /* EtatCivil.h */,
				451FD14A18A28A4E0074E5B5 /* EtatCivil.m */,
				451FD14C18A28A600074E5B5 /* Adresse.h */,
				451FD14D18A28A600074E5B5 /* Adresse.m */,
				451FD15218A28D1E0074E5B5 /* OtherInfo.h */,
				451FD15318A28D1E0074E5B5 /* OtherInfo.m */,
				451FD14F18A28C710074E5B5 /* Communications.h */,
				451FD15018A28C710074E5B5 /* Communications.m */,
				451FD12418A279940074E5B5 /* Images.xcassets */,
				451FD11318A279930074E5B5 /* Supporting Files */,
			);
			path = AddressBook;
			sourceTree = "<group>";
		};
		451FD11318A279930074E5B5 /* Supporting Files */ = {
			isa = PBXGroup;
			children = (
				451FD11418A279930074E5B5 /* AddressBook-Info.plist */,
				451FD11518A279930074E5B5 /* InfoPlist.strings */,
				451FD11818A279930074E5B5 /* main.m */,
				451FD11A18A279930074E5B5 /* AddressBook-Prefix.pch */,
			);
			name = "Supporting Files";
			sourceTree = "<group>";
		};
		451FD13118A279940074E5B5 /* AddressBookTests */ = {
			isa = PBXGroup;
			children = (
				451FD13718A279940074E5B5 /* AddressBookTests.m */,
				451FD13218A279940074E5B5 /* Supporting Files */,
			);
			path = AddressBookTests;
			sourceTree = "<group>";
		};
		451FD13218A279940074E5B5 /* Supporting Files */ = {
			isa = PBXGroup;
			children = (
				451FD13318A279940074E5B5 /* AddressBookTests-Info.plist */,
				451FD13418A279940074E5B5 /* InfoPlist.strings */,
			);
			name = "Supporting Files";
			sourceTree = "<group>";
		};
/* End PBXGroup section */

/* Begin PBXNativeTarget section */
		451FD10818A279930074E5B5 /* AddressBook */ = {
			isa = PBXNativeTarget;
			buildConfigurationList = 451FD13B18A279940074E5B5 /* Build configuration list for PBXNativeTarget "AddressBook" */;
			buildPhases = (
				451FD10518A279930074E5B5 /* Sources */,
				451FD10618A279930074E5B5 /* Frameworks */,
				451FD10718A279930074E5B5 /* Resources */,
			);
			buildRules = (
			);
			dependencies = (
			);
			name = AddressBook;
			productName = AddressBook;
			productReference = 451FD10918A279930074E5B5 /* AddressBook.app */;
			productType = "com.apple.product-type.application";
		};
		451FD12918A279940074E5B5 /* AddressBookTests */ = {
			isa = PBXNativeTarget;
			buildConfigurationList = 451FD13E18A279940074E5B5 /* Build configuration list for PBXNativeTarget "AddressBookTests" */;
			buildPhases = (
				451FD12618A279940074E5B5 /* Sources */,
				451FD12718A279940074E5B5 /* Frameworks */,
				451FD12818A279940074E5B5 /* Resources */,
			);
			buildRules = (
			);
			dependencies = (
				451FD13018A279940074E5B5 /* PBXTargetDependency */,
			);
			name = AddressBookTests;
			productName = AddressBookTests;
			productReference = 451FD12A18A279940074E5B5 /* AddressBookTests.xctest */;
			productType = "com.apple.product-type.bundle.unit-test";
		};
/* End PBXNativeTarget section */

/* Begin PBXProject section */
		451FD10118A279930074E5B5 /* Project object */ = {
			isa = PBXProject;
			attributes = {
				LastUpgradeCheck = 0500;
				ORGANIZATIONNAME = "Gilles Major";
				TargetAttributes = {
					451FD10818A279930074E5B5 = {
						DevelopmentTeam = L72JXG6S2Z;
					};
					451FD12918A279940074E5B5 = {
						TestTargetID = 451FD10818A279930074E5B5;
					};
				};
			};
			buildConfigurationList = 451FD10418A279930074E5B5 /* Build configuration list for PBXProject "AddressBook" */;
			compatibilityVersion = "Xcode 3.2";
			developmentRegion = English;
			hasScannedForEncodings = 0;
			knownRegions = (
				en,
				Base,
			);
			mainGroup = 451FD10018A279930074E5B5;
			productRefGroup = 451FD10A18A279930074E5B5 /* Products */;
			projectDirPath = "";
			projectRoot = "";
			targets = (
				451FD10818A279930074E5B5 /* AddressBook */,
				451FD12918A279940074E5B5 /* AddressBookTests */,
			);
		};
/* End PBXProject section */

/* Begin PBXResourcesBuildPhase section */
		451FD10718A279930074E5B5 /* Resources */ = {
			isa = PBXResourcesBuildPhase;
			buildActionMask = 2147483647;
			files = (
				451FD12518A279940074E5B5 /* Images.xcassets in Resources */,
				451FD11718A279930074E5B5 /* InfoPlist.strings in Resources */,
				451FD12018A279930074E5B5 /* Main.storyboard in Resources */,
			);
			runOnlyForDeploymentPostprocessing = 0;
		};
		451FD12818A279940074E5B5 /* Resources */ = {
			isa = PBXResourcesBuildPhase;
			buildActionMask = 2147483647;
			files = (
				451FD13618A279940074E5B5 /* InfoPlist.strings in Resources */,
			);
			runOnlyForDeploymentPostprocessing = 0;
		};
/* End PBXResourcesBuildPhase section */

/* Begin PBXSourcesBuildPhase section */
		451FD10518A279930074E5B5 /* Sources */ = {
			isa = PBXSourcesBuildPhase;
			buildActionMask = 2147483647;
			files = (
				451FD14818A28A1F0074E5B5 /* Contact.m in Sources */,
				451FD14518A2836A0074E5B5 /* ContactListControllerViewController.m in Sources */,
				451FD15118A28C710074E5B5 /* Communications.m in Sources */,
				451FD11D18A279930074E5B5 /* AppDelegate.m in Sources */,
				451FD15418A28D1E0074E5B5 /* OtherInfo.m in Sources */,
				451FD14E18A28A600074E5B5 /* Adresse.m in Sources */,
				451FD14B18A28A4E0074E5B5 /* EtatCivil.m in Sources */,
				451FD11918A279930074E5B5 /* main.m in Sources */,
			);
			runOnlyForDeploymentPostprocessing = 0;
		};
		451FD12618A279940074E5B5 /* Sources */ = {
			isa = PBXSourcesBuildPhase;
			buildActionMask = 2147483647;
			files = (
				451FD13818A279940074E5B5 /* AddressBookTests.m in Sources */,
			);
			runOnlyForDeploymentPostprocessing = 0;
		};
/* End PBXSourcesBuildPhase section */

/* Begin PBXTargetDependency section */
		451FD13018A279940074E5B5 /* PBXTargetDependency */ = {
			isa = PBXTargetDependency;
			target = 451FD10818A279930074E5B5 /* AddressBook */;
			targetProxy = 451FD12F18A279940074E5B5 /* PBXContainerItemProxy */;
		};
/* End PBXTargetDependency section */

/* Begin PBXVariantGroup section */
		451FD11518A279930074E5B5 /* InfoPlist.strings */ = {
			isa = PBXVariantGroup;
			children = (
				451FD11618A279930074E5B5 /* en */,
			);
			name = InfoPlist.strings;
			sourceTree = "<group>";
		};
		451FD11E18A279930074E5B5 /* Main.storyboard */ = {
			isa = PBXVariantGroup;
			children = (
				451FD11F18A279930074E5B5 /* Base */,
			);
			name = Main.storyboard;
			sourceTree = "<group>";
		};
		451FD13418A279940074E5B5 /* InfoPlist.strings */ = {
			isa = PBXVariantGroup;
			children = (
				451FD13518A279940074E5B5 /* en */,
			);
			name = InfoPlist.strings;
			sourceTree = "<group>";
		};
/* End PBXVariantGroup section */

/* Begin XCBuildConfiguration section */
		451FD13918A279940074E5B5 /* Debug */ = {
			isa = XCBuildConfiguration;
			buildSettings = {
				ALWAYS_SEARCH_USER_PATHS = NO;
				ARCHS = "$(ARCHS_STANDARD_INCLUDING_64_BIT)";
				CLANG_CXX_LANGUAGE_STANDARD = "gnu++0x";
				CLANG_CXX_LIBRARY = "libc++";
				CLANG_ENABLE_MODULES = YES;
				CLANG_ENABLE_OBJC_ARC = YES;
				CLANG_WARN_BOOL_CONVERSION = YES;
				CLANG_WARN_CONSTANT_CONVERSION = YES;
				CLANG_WARN_DIRECT_OBJC_ISA_USAGE = YES_ERROR;
				CLANG_WARN_EMPTY_BODY = YES;
				CLANG_WARN_ENUM_CONVERSION = YES;
				CLANG_WARN_INT_CONVERSION = YES;
				CLANG_WARN_OBJC_ROOT_CLASS = YES_ERROR;
				CLANG_WARN__DUPLICATE_METHOD_MATCH = YES;
				"CODE_SIGN_IDENTITY[sdk=iphoneos*]" = "iPhone Developer";
				COPY_PHASE_STRIP = NO;
				GCC_C_LANGUAGE_STANDARD = gnu99;
				GCC_DYNAMIC_NO_PIC = NO;
				GCC_OPTIMIZATION_LEVEL = 0;
				GCC_PREPROCESSOR_DEFINITIONS = (
					"DEBUG=1",
					"$(inherited)",
				);
				GCC_SYMBOLS_PRIVATE_EXTERN = NO;
				GCC_WARN_64_TO_32_BIT_CONVERSION = YES;
				GCC_WARN_ABOUT_RETURN_TYPE = YES_ERROR;
				GCC_WARN_UNDECLARED_SELECTOR = YES;
				GCC_WARN_UNINITIALIZED_AUTOS = YES;
				GCC_WARN_UNUSED_FUNCTION = YES;
				GCC_WARN_UNUSED_VARIABLE = YES;
				IPHONEOS_DEPLOYMENT_TARGET = 7.0;
				ONLY_ACTIVE_ARCH = YES;
				SDKROOT = iphoneos;
			};
			name = Debug;
		};
		451FD13A18A279940074E5B5 /* Release */ = {
			isa = XCBuildConfiguration;
			buildSettings = {
				ALWAYS_SEARCH_USER_PATHS = NO;
				ARCHS = "$(ARCHS_STANDARD_INCLUDING_64_BIT)";
				CLANG_CXX_LANGUAGE_STANDARD = "gnu++0x";
				CLANG_CXX_LIBRARY = "libc++";
				CLANG_ENABLE_MODULES = YES;
				CLANG_ENABLE_OBJC_ARC = YES;
				CLANG_WARN_BOOL_CONVERSION = YES;
				CLANG_WARN_CONSTANT_CONVERSION = YES;
				CLANG_WARN_DIRECT_OBJC_ISA_USAGE = YES_ERROR;
				CLANG_WARN_EMPTY_BODY = YES;
				CLANG_WARN_ENUM_CONVERSION = YES;
				CLANG_WARN_INT_CONVERSION = YES;
				CLANG_WARN_OBJC_ROOT_CLASS = YES_ERROR;
				CLANG_WARN__DUPLICATE_METHOD_MATCH = YES;
				"CODE_SIGN_IDENTITY[sdk=iphoneos*]" = "iPhone Developer";
				COPY_PHASE_STRIP = YES;
				ENABLE_NS_ASSERTIONS = NO;
				GCC_C_LANGUAGE_STANDARD = gnu99;
				GCC_WARN_64_TO_32_BIT_CONVERSION = YES;
				GCC_WARN_ABOUT_RETURN_TYPE = YES_ERROR;
				GCC_WARN_UNDECLARED_SELECTOR = YES;
				GCC_WARN_UNINITIALIZED_AUTOS = YES;
				GCC_WARN_UNUSED_FUNCTION = YES;
				GCC_WARN_UNUSED_VARIABLE = YES;
				IPHONEOS_DEPLOYMENT_TARGET = 7.0;
				SDKROOT = iphoneos;
				VALIDATE_PRODUCT = YES;
			};
			name = Release;
		};
		451FD13C18A279940074E5B5 /* Debug */ = {
			isa = XCBuildConfiguration;
			buildSettings = {
				ASSETCATALOG_COMPILER_APPICON_NAME = AppIcon;
				ASSETCATALOG_COMPILER_LAUNCHIMAGE_NAME = LaunchImage;
				CODE_SIGN_IDENTITY = "iPhone Developer";
				GCC_PRECOMPILE_PREFIX_HEADER = YES;
				GCC_PREFIX_HEADER = "AddressBook/AddressBook-Prefix.pch";
				INFOPLIST_FILE = "AddressBook/AddressBook-Info.plist";
				PRODUCT_NAME = "$(TARGET_NAME)";
				WRAPPER_EXTENSION = app;
			};
			name = Debug;
		};
		451FD13D18A279940074E5B5 /* Release */ = {
			isa = XCBuildConfiguration;
			buildSettings = {
				ASSETCATALOG_COMPILER_APPICON_NAME = AppIcon;
				ASSETCATALOG_COMPILER_LAUNCHIMAGE_NAME = LaunchImage;
				CODE_SIGN_IDENTITY = "iPhone Developer";
				GCC_PRECOMPILE_PREFIX_HEADER = YES;
				GCC_PREFIX_HEADER = "AddressBook/AddressBook-Prefix.pch";
				INFOPLIST_FILE = "AddressBook/AddressBook-Info.plist";
				PRODUCT_NAME = "$(TARGET_NAME)";
				WRAPPER_EXTENSION = app;
			};
			name = Release;
		};
		451FD13F18A279940074E5B5 /* Debug */ = {
			isa = XCBuildConfiguration;
			buildSettings = {
				ARCHS = "$(ARCHS_STANDARD_INCLUDING_64_BIT)";
				BUNDLE_LOADER = "$(BUILT_PRODUCTS_DIR)/AddressBook.app/AddressBook";
				FRAMEWORK_SEARCH_PATHS = (
					"$(SDKROOT)/Developer/Library/Frameworks",
					"$(inherited)",
					"$(DEVELOPER_FRAMEWORKS_DIR)",
				);
				GCC_PRECOMPILE_PREFIX_HEADER = YES;
				GCC_PREFIX_HEADER = "AddressBook/AddressBook-Prefix.pch";
				GCC_PREPROCESSOR_DEFINITIONS = (
					"DEBUG=1",
					"$(inherited)",
				);
				INFOPLIST_FILE = "AddressBookTests/AddressBookTests-Info.plist";
				PRODUCT_NAME = "$(TARGET_NAME)";
				TEST_HOST = "$(BUNDLE_LOADER)";
				WRAPPER_EXTENSION = xctest;
			};
			name = Debug;
		};
		451FD14018A279940074E5B5 /* Release */ = {
			isa = XCBuildConfiguration;
			buildSettings = {
				ARCHS = "$(ARCHS_STANDARD_INCLUDING_64_BIT)";
				BUNDLE_LOADER = "$(BUILT_PRODUCTS_DIR)/AddressBook.app/AddressBook";
				FRAMEWORK_SEARCH_PATHS = (
					"$(SDKROOT)/Developer/Library/Frameworks",
					"$(inherited)",
					"$(DEVELOPER_FRAMEWORKS_DIR)",
				);
				GCC_PRECOMPILE_PREFIX_HEADER = YES;
				GCC_PREFIX_HEADER = "AddressBook/AddressBook-Prefix.pch";
				INFOPLIST_FILE = "AddressBookTests/AddressBookTests-Info.plist";
				PRODUCT_NAME = "$(TARGET_NAME)";
				TEST_HOST = "$(BUNDLE_LOADER)";
				WRAPPER_EXTENSION = xctest;
			};
			name = Release;
		};
/* End XCBuildConfiguration section */

/* Begin XCConfigurationList section */
		451FD10418A279930074E5B5 /* Build configuration list for PBXProject "AddressBook" */ = {
			isa = XCConfigurationList;
			buildConfigurations = (
				451FD13918A279940074E5B5 /* Debug */,
				451FD13A18A279940074E5B5 /* Release */,
			);
			defaultConfigurationIsVisible = 0;
			defaultConfigurationName = Release;
		};
		451FD13B18A279940074E5B5 /* Build configuration list for PBXNativeTarget "AddressBook" */ = {
			isa = XCConfigurationList;
			buildConfigurations = (
				451FD13C18A279940074E5B5 /* Debug */,
				451FD13D18A279940074E5B5 /* Release */,
			);
			defaultConfigurationIsVisible = 0;
			defaultConfigurationName = Release;
		};
		451FD13E18A279940074E5B5 /* Build configuration list for PBXNativeTarget "AddressBookTests" */ = {
			isa = XCConfigurationList;
			buildConfigurations = (
				451FD13F18A279940074E5B5 /* Debug */,
				451FD14018A279940074E5B5 /* Release */,
			);
			defaultConfigurationIsVisible = 0;
			defaultConfigurationName = Release;
		};
/* End XCConfigurationList section */
	};
	rootObject = 451FD10118A279930074E5B5 /* Project object */;
}
